# This file is automatically @generated by Cargo.
# It is not intended for manual editing.
[[package]]
name = "hangul"
version = "0.1.2"
source = "registry+https://github.com/rust-lang/crates.io-index"

[[package]]
name = "josa"
version = "0.1.0"
dependencies = [
 "hangul 0.1.2 (registry+https://github.com/rust-lang/crates.io-index)",
]

[metadata]
"checksum hangul 0.1.2 (registry+https://github.com/rust-lang/crates.io-index)" = "9cda096c5392845b61628351edcd61f0ecb3a0c283f5cd96b80ac6af809f8177"
